
Microsoft Visual Studio Solution File, Format Version 12.00
# Visual Studio Version 17
VisualStudioVersion = 17.1.32228.430
MinimumVisualStudioVersion = 10.0.40219.1
Project("{FAE04EC0-301F-11D3-BF4B-00C04F79EFBC}") = "CarRacingOO", "CarRacingOO\CarRacingOO.csproj", "{27067785-137A-44B8-9148-7B46D40E8AB1}"
EndProject
Global
	GlobalSection(SolutionConfigurationPlatforms) = preSolution
		Debug|Any CPU = Debug|Any CPU
		Release|Any CPU = Release|Any CPU
	EndGlobalSection
	GlobalSection(ProjectConfigurationPlatforms) = postSolution
		{27067785-137A-44B8-9148-7B46D40E8AB1}.Debug|Any CPU.ActiveCfg = Debug|Any CPU
		{27067785-137A-44B8-9148-7B46D40E8AB1}.Debug|Any CPU.Build.0 = Debug|Any CPU
		{27067785-137A-44B8-9148-7B46D40E8AB1}.Release|Any CPU.ActiveCfg = Release|Any CPU
		{27067785-137A-44B8-9148-7B46D40E8AB1}.Release|Any CPU.Build.0 = Release|Any CPU
	EndGlobalSection
	GlobalSection(SolutionProperties) = preSolution
		HideSolutionNode = FALSE
	EndGlobalSection
	GlobalSection(ExtensibilityGlobals) = postSolution
		SolutionGuid = {E28F2F41-3CAD-4522-8CFC-C1ADC3CF1C8C}
	EndGlobalSection
EndGlobal
